// !$*UTF8*$!
{
	archiveVersion = 1;
	classes = {
	};
	objectVersion = 77;
	objects = {

/* Begin PBXBuildFile section */
		350962A42ED54413002A98DC /* FITSwiftSDK in Frameworks */ = {isa = PBXBuildFile; productRef = 350962A32ED54413002A98DC /* FITSwiftSDK */; };
/* End PBXBuildFile section */

/* Begin PBXContainerItemProxy section */
		35B31E162ED801CC000620E6 /* PBXContainerItemProxy */ = {
			isa = PBXContainerItemProxy;
			containerPortal = 351278292ED5331A005FA284 /* Project object */;
			proxyType = 1;
			remoteGlobalIDString = 351278302ED5331A005FA284;
			remoteInfo = FitExplore;
		};
/* End PBXContainerItemProxy section */

/* Begin PBXFileReference section */
		351278312ED5331A005FA284 /* FitExplore.app */ = {isa = PBXFileReference; explicitFileType = wrapper.application; includeInIndex = 0; path = FitExplore.app; sourceTree = BUILT_PRODUCTS_DIR; };
		35B31E122ED801CC000620E6 /* FitExploreTests.xctest */ = {isa = PBXFileReference; explicitFileType = wrapper.cfbundle; includeInIndex = 0; path = FitExploreTests.xctest; sourceTree = BUILT_PRODUCTS_DIR; };
/* End PBXFileReference section */

/* Begin PBXFileSystemSynchronizedBuildFileExceptionSet section */
		352AC38A2ED5346000D1B59D /* Exceptions for "other" folder in "FitExplore" target */ = {
			isa = PBXFileSystemSynchronizedBuildFileExceptionSet;
			membershipExceptions = (
				Info.plist,
			);
			target = 351278302ED5331A005FA284 /* FitExplore */;
		};
/* End PBXFileSystemSynchronizedBuildFileExceptionSet section */

/* Begin PBXFileSystemSynchronizedRootGroup section */
		351278332ED5331A005FA284 /* src */ = {
			isa = PBXFileSystemSynchronizedRootGroup;
			path = src;
			sourceTree = "<group>";
		};
		352AC3882ED5343600D1B59D /* config */ = {
			isa = PBXFileSystemSynchronizedRootGroup;
			path = config;
			sourceTree = "<group>";
		};
		352AC3892ED5345100D1B59D /* other */ = {
			isa = PBXFileSystemSynchronizedRootGroup;
			exceptions = (
				352AC38A2ED5346000D1B59D /* Exceptions for "other" folder in "FitExplore" target */,
			);
			path = other;
			sourceTree = "<group>";
		};
		35B31E132ED801CC000620E6 /* tests */ = {
			isa = PBXFileSystemSynchronizedRootGroup;
			path = tests;
			sourceTree = "<group>";
		};
/* End PBXFileSystemSynchronizedRootGroup section */

/* Begin PBXFrameworksBuildPhase section */
		3512782E2ED5331A005FA284 /* Frameworks */ = {
			isa = PBXFrameworksBuildPhase;
			buildActionMask = 2147483647;
			files = (
				350962A42ED54413002A98DC /* FITSwiftSDK in Frameworks */,
			);
			runOnlyForDeploymentPostprocessing = 0;
		};
		35B31E0F2ED801CC000620E6 /* Frameworks */ = {
			isa = PBXFrameworksBuildPhase;
			buildActionMask = 2147483647;
			files = (
			);
			runOnlyForDeploymentPostprocessing = 0;
		};
/* End PBXFrameworksBuildPhase section */

/* Begin PBXGroup section */
		351278282ED5331A005FA284 = {
			isa = PBXGroup;
			children = (
				351278332ED5331A005FA284 /* src */,
				352AC3892ED5345100D1B59D /* other */,
				352AC3882ED5343600D1B59D /* config */,
				35B31E132ED801CC000620E6 /* tests */,
				351278322ED5331A005FA284 /* Products */,
			);
			sourceTree = "<group>";
		};
		351278322ED5331A005FA284 /* Products */ = {
			isa = PBXGroup;
			children = (
				351278312ED5331A005FA284 /* FitExplore.app */,
				35B31E122ED801CC000620E6 /* FitExploreTests.xctest */,
			);
			name = Products;
			sourceTree = "<group>";
		};
/* End PBXGroup section */

/* Begin PBXNativeTarget section */
		351278302ED5331A005FA284 /* FitExplore */ = {
			isa = PBXNativeTarget;
			buildConfigurationList = 3512783E2ED5331B005FA284 /* Build configuration list for PBXNativeTarget "FitExplore" */;
			buildPhases = (
				3512782D2ED5331A005FA284 /* Sources */,
				3512782E2ED5331A005FA284 /* Frameworks */,
				3512782F2ED5331A005FA284 /* Resources */,
			);
			buildRules = (
			);
			dependencies = (
			);
			fileSystemSynchronizedGroups = (
				351278332ED5331A005FA284 /* src */,
				352AC3882ED5343600D1B59D /* config */,
				352AC3892ED5345100D1B59D /* other */,
			);
			name = FitExplore;
			packageProductDependencies = (
				350962A32ED54413002A98DC /* FITSwiftSDK */,
			);
			productName = FitExplore;
			productReference = 351278312ED5331A005FA284 /* FitExplore.app */;
			productType = "com.apple.product-type.application";
		};
		35B31E112ED801CC000620E6 /* FitExploreTests */ = {
			isa = PBXNativeTarget;
			buildConfigurationList = 35B31E182ED801CC000620E6 /* Build configuration list for PBXNativeTarget "FitExploreTests" */;
			buildPhases = (
				35B31E0E2ED801CC000620E6 /* Sources */,
				35B31E0F2ED801CC000620E6 /* Frameworks */,
				35B31E102ED801CC000620E6 /* Resources */,
			);
			buildRules = (
			);
			dependencies = (
				35B31E172ED801CC000620E6 /* PBXTargetDependency */,
			);
			fileSystemSynchronizedGroups = (
				35B31E132ED801CC000620E6 /* tests */,
			);
			name = FitExploreTests;
			packageProductDependencies = (
			);
			productName = FitExploreTests;
			productReference = 35B31E122ED801CC000620E6 /* FitExploreTests.xctest */;
			productType = "com.apple.product-type.bundle.unit-test";
		};
/* End PBXNativeTarget section */

/* Begin PBXProject section */
		351278292ED5331A005FA284 /* Project object */ = {
			isa = PBXProject;
			attributes = {
				BuildIndependentTargetsInParallel = 1;
				LastSwiftUpdateCheck = 2610;
				LastUpgradeCheck = 2610;
				ORGANIZATIONNAME = "Raj Ramamurthy";
				TargetAttributes = {
					351278302ED5331A005FA284 = {
						CreatedOnToolsVersion = 26.1.1;
					};
					35B31E112ED801CC000620E6 = {
						CreatedOnToolsVersion = 26.1.1;
						TestTargetID = 351278302ED5331A005FA284;
					};
				};
			};
			buildConfigurationList = 3512782C2ED5331A005FA284 /* Build configuration list for PBXProject "FitExplore" */;
			developmentRegion = en;
			hasScannedForEncodings = 0;
			knownRegions = (
				en,
				Base,
			);
			mainGroup = 351278282ED5331A005FA284;
			minimizedProjectReferenceProxies = 1;
			packageReferences = (
				350962A22ED54413002A98DC /* XCRemoteSwiftPackageReference "fit-swift-sdk" */,
			);
			preferredProjectObjectVersion = 77;
			productRefGroup = 351278322ED5331A005FA284 /* Products */;
			projectDirPath = "";
			projectRoot = "";
			targets = (
				351278302ED5331A005FA284 /* FitExplore */,
				35B31E112ED801CC000620E6 /* FitExploreTests */,
			);
		};
/* End PBXProject section */

/* Begin PBXResourcesBuildPhase section */
		3512782F2ED5331A005FA284 /* Resources */ = {
			isa = PBXResourcesBuildPhase;
			buildActionMask = 2147483647;
			files = (
			);
			runOnlyForDeploymentPostprocessing = 0;
		};
		35B31E102ED801CC000620E6 /* Resources */ = {
			isa = PBXResourcesBuildPhase;
			buildActionMask = 2147483647;
			files = (
			);
			runOnlyForDeploymentPostprocessing = 0;
		};
/* End PBXResourcesBuildPhase section */

/* Begin PBXSourcesBuildPhase section */
		3512782D2ED5331A005FA284 /* Sources */ = {
			isa = PBXSourcesBuildPhase;
			buildActionMask = 2147483647;
			files = (
			);
			runOnlyForDeploymentPostprocessing = 0;
		};
		35B31E0E2ED801CC000620E6 /* Sources */ = {
			isa = PBXSourcesBuildPhase;
			buildActionMask = 2147483647;
			files = (
			);
			runOnlyForDeploymentPostprocessing = 0;
		};
/* End PBXSourcesBuildPhase section */

/* Begin PBXTargetDependency section */
		35B31E172ED801CC000620E6 /* PBXTargetDependency */ = {
			isa = PBXTargetDependency;
			target = 351278302ED5331A005FA284 /* FitExplore */;
			targetProxy = 35B31E162ED801CC000620E6 /* PBXContainerItemProxy */;
		};
/* End PBXTargetDependency section */

/* Begin XCBuildConfiguration section */
		3512783F2ED5331B005FA284 /* Debug */ = {
			isa = XCBuildConfiguration;
			baseConfigurationReferenceAnchor = 352AC3882ED5343600D1B59D /* config */;
			baseConfigurationReferenceRelativePath = App.xcconfig;
			buildSettings = {
				INFOPLIST_KEY_NSHumanReadableCopyright = "\"Copyright (c) 2025 Raj Ramamurthy.\"";
			};
			name = Debug;
		};
		351278402ED5331B005FA284 /* Release */ = {
			isa = XCBuildConfiguration;
			baseConfigurationReferenceAnchor = 352AC3882ED5343600D1B59D /* config */;
			baseConfigurationReferenceRelativePath = App.xcconfig;
			buildSettings = {
				INFOPLIST_KEY_NSHumanReadableCopyright = "\"Copyright (c) 2025 Raj Ramamurthy.\"";
			};
			name = Release;
		};
		351278412ED5331B005FA284 /* Debug */ = {
			isa = XCBuildConfiguration;
			baseConfigurationReferenceAnchor = 352AC3882ED5343600D1B59D /* config */;
			baseConfigurationReferenceRelativePath = Debug.xcconfig;
			buildSettings = {
				DEVELOPMENT_TEAM = 6L5H4ZV25V;
			};
			name = Debug;
		};
		351278422ED5331B005FA284 /* Release */ = {
			isa = XCBuildConfiguration;
			baseConfigurationReferenceAnchor = 352AC3882ED5343600D1B59D /* config */;
			baseConfigurationReferenceRelativePath = Release.xcconfig;
			buildSettings = {
				DEVELOPMENT_TEAM = 6L5H4ZV25V;
			};
			name = Release;
		};
		35B31E192ED801CC000620E6 /* Debug */ = {
			isa = XCBuildConfiguration;
			baseConfigurationReferenceAnchor = 352AC3882ED5343600D1B59D /* config */;
			baseConfigurationReferenceRelativePath = Tests.xcconfig;
			buildSettings = {
			};
			name = Debug;
		};
		35B31E1A2ED801CC000620E6 /* Release */ = {
			isa = XCBuildConfiguration;
			buildSettings = {
			};
			name = Release;
		};
/* End XCBuildConfiguration section */

/* Begin XCConfigurationList section */
		3512782C2ED5331A005FA284 /* Build configuration list for PBXProject "FitExplore" */ = {
			isa = XCConfigurationList;
			buildConfigurations = (
				351278412ED5331B005FA284 /* Debug */,
				351278422ED5331B005FA284 /* Release */,
			);
			defaultConfigurationIsVisible = 0;
			defaultConfigurationName = Release;
		};
		3512783E2ED5331B005FA284 /* Build configuration list for PBXNativeTarget "FitExplore" */ = {
			isa = XCConfigurationList;
			buildConfigurations = (
				3512783F2ED5331B005FA284 /* Debug */,
				351278402ED5331B005FA284 /* Release */,
			);
			defaultConfigurationIsVisible = 0;
			defaultConfigurationName = Release;
		};
		35B31E182ED801CC000620E6 /* Build configuration list for PBXNativeTarget "FitExploreTests" */ = {
			isa = XCConfigurationList;
			buildConfigurations = (
				35B31E192ED801CC000620E6 /* Debug */,
				35B31E1A2ED801CC000620E6 /* Release */,
			);
			defaultConfigurationIsVisible = 0;
			defaultConfigurationName = Release;
		};
/* End XCConfigurationList section */

/* Begin XCRemoteSwiftPackageReference section */
		350962A22ED54413002A98DC /* XCRemoteSwiftPackageReference "fit-swift-sdk" */ = {
			isa = XCRemoteSwiftPackageReference;
			repositoryURL = "https://github.com/garmin/fit-swift-sdk.git";
			requirement = {
				kind = upToNextMajorVersion;
				minimumVersion = 21.187.0;
			};
		};
/* End XCRemoteSwiftPackageReference section */

/* Begin XCSwiftPackageProductDependency section */
		350962A32ED54413002A98DC /* FITSwiftSDK */ = {
			isa = XCSwiftPackageProductDependency;
			package = 350962A22ED54413002A98DC /* XCRemoteSwiftPackageReference "fit-swift-sdk" */;
			productName = FITSwiftSDK;
		};
/* End XCSwiftPackageProductDependency section */
	};
	rootObject = 351278292ED5331A005FA284 /* Project object */;
}
