// !$*UTF8*$!
{
	archiveVersion = 1;
	classes = {
	};
	objectVersion = 77;
	objects = {

/* Begin PBXFileReference section */
		351278312ED5331A005FA284 /* FitExplore.app */ = {isa = PBXFileReference; explicitFileType = wrapper.application; includeInIndex = 0; path = FitExplore.app; sourceTree = BUILT_PRODUCTS_DIR; };
/* End PBXFileReference section */

/* Begin PBXFileSystemSynchronizedBuildFileExceptionSet section */
		352AC38A2ED5346000D1B59D /* Exceptions for "other" folder in "FitExplore" target */ = {
			isa = PBXFileSystemSynchronizedBuildFileExceptionSet;
			membershipExceptions = (
				Info.plist,
			);
			target = 351278302ED5331A005FA284 /* FitExplore */;
		};
/* End PBXFileSystemSynchronizedBuildFileExceptionSet section */

/* Begin PBXFileSystemSynchronizedRootGroup section */
		351278332ED5331A005FA284 /* src */ = {
			isa = PBXFileSystemSynchronizedRootGroup;
			path = src;
			sourceTree = "<group>";
		};
		352AC3882ED5343600D1B59D /* config */ = {
			isa = PBXFileSystemSynchronizedRootGroup;
			path = config;
			sourceTree = "<group>";
		};
		352AC3892ED5345100D1B59D /* other */ = {
			isa = PBXFileSystemSynchronizedRootGroup;
			exceptions = (
				352AC38A2ED5346000D1B59D /* Exceptions for "other" folder in "FitExplore" target */,
			);
			path = other;
			sourceTree = "<group>";
		};
/* End PBXFileSystemSynchronizedRootGroup section */

/* Begin PBXFrameworksBuildPhase section */
		3512782E2ED5331A005FA284 /* Frameworks */ = {
			isa = PBXFrameworksBuildPhase;
			buildActionMask = 2147483647;
			files = (
			);
			runOnlyForDeploymentPostprocessing = 0;
		};
/* End PBXFrameworksBuildPhase section */

/* Begin PBXGroup section */
		351278282ED5331A005FA284 = {
			isa = PBXGroup;
			children = (
				352AC3892ED5345100D1B59D /* other */,
				352AC3882ED5343600D1B59D /* config */,
				351278332ED5331A005FA284 /* src */,
				351278322ED5331A005FA284 /* Products */,
			);
			sourceTree = "<group>";
		};
		351278322ED5331A005FA284 /* Products */ = {
			isa = PBXGroup;
			children = (
				351278312ED5331A005FA284 /* FitExplore.app */,
			);
			name = Products;
			sourceTree = "<group>";
		};
/* End PBXGroup section */

/* Begin PBXNativeTarget section */
		351278302ED5331A005FA284 /* FitExplore */ = {
			isa = PBXNativeTarget;
			buildConfigurationList = 3512783E2ED5331B005FA284 /* Build configuration list for PBXNativeTarget "FitExplore" */;
			buildPhases = (
				3512782D2ED5331A005FA284 /* Sources */,
				3512782E2ED5331A005FA284 /* Frameworks */,
				3512782F2ED5331A005FA284 /* Resources */,
			);
			buildRules = (
			);
			dependencies = (
			);
			fileSystemSynchronizedGroups = (
				351278332ED5331A005FA284 /* src */,
				352AC3882ED5343600D1B59D /* config */,
				352AC3892ED5345100D1B59D /* other */,
			);
			name = FitExplore;
			packageProductDependencies = (
			);
			productName = FitExplore;
			productReference = 351278312ED5331A005FA284 /* FitExplore.app */;
			productType = "com.apple.product-type.application";
		};
/* End PBXNativeTarget section */

/* Begin PBXProject section */
		351278292ED5331A005FA284 /* Project object */ = {
			isa = PBXProject;
			attributes = {
				BuildIndependentTargetsInParallel = 1;
				LastSwiftUpdateCheck = 2610;
				LastUpgradeCheck = 2610;
				TargetAttributes = {
					351278302ED5331A005FA284 = {
						CreatedOnToolsVersion = 26.1.1;
					};
				};
			};
			buildConfigurationList = 3512782C2ED5331A005FA284 /* Build configuration list for PBXProject "FitExplore" */;
			developmentRegion = en;
			hasScannedForEncodings = 0;
			knownRegions = (
				en,
				Base,
			);
			mainGroup = 351278282ED5331A005FA284;
			minimizedProjectReferenceProxies = 1;
			preferredProjectObjectVersion = 77;
			productRefGroup = 351278322ED5331A005FA284 /* Products */;
			projectDirPath = "";
			projectRoot = "";
			targets = (
				351278302ED5331A005FA284 /* FitExplore */,
			);
		};
/* End PBXProject section */

/* Begin PBXResourcesBuildPhase section */
		3512782F2ED5331A005FA284 /* Resources */ = {
			isa = PBXResourcesBuildPhase;
			buildActionMask = 2147483647;
			files = (
			);
			runOnlyForDeploymentPostprocessing = 0;
		};
/* End PBXResourcesBuildPhase section */

/* Begin PBXSourcesBuildPhase section */
		3512782D2ED5331A005FA284 /* Sources */ = {
			isa = PBXSourcesBuildPhase;
			buildActionMask = 2147483647;
			files = (
			);
			runOnlyForDeploymentPostprocessing = 0;
		};
/* End PBXSourcesBuildPhase section */

/* Begin XCBuildConfiguration section */
		3512783F2ED5331B005FA284 /* Debug */ = {
			isa = XCBuildConfiguration;
			baseConfigurationReferenceAnchor = 352AC3882ED5343600D1B59D /* config */;
			baseConfigurationReferenceRelativePath = Debug.xcconfig;
			buildSettings = {
				INFOPLIST_KEY_NSHumanReadableCopyright = "\"Copyright (c) 2025 Raj Ramamurthy.\"";
			};
			name = Debug;
		};
		351278402ED5331B005FA284 /* Release */ = {
			isa = XCBuildConfiguration;
			baseConfigurationReferenceAnchor = 352AC3882ED5343600D1B59D /* config */;
			baseConfigurationReferenceRelativePath = Release.xcconfig;
			buildSettings = {
				INFOPLIST_KEY_NSHumanReadableCopyright = "\"Copyright (c) 2025 Raj Ramamurthy.\"";
			};
			name = Release;
		};
		351278412ED5331B005FA284 /* Debug */ = {
			isa = XCBuildConfiguration;
			baseConfigurationReferenceAnchor = 352AC3882ED5343600D1B59D /* config */;
			baseConfigurationReferenceRelativePath = Base.xcconfig;
			buildSettings = {
			};
			name = Debug;
		};
		351278422ED5331B005FA284 /* Release */ = {
			isa = XCBuildConfiguration;
			baseConfigurationReferenceAnchor = 352AC3882ED5343600D1B59D /* config */;
			baseConfigurationReferenceRelativePath = Base.xcconfig;
			buildSettings = {
			};
			name = Release;
		};
/* End XCBuildConfiguration section */

/* Begin XCConfigurationList section */
		3512782C2ED5331A005FA284 /* Build configuration list for PBXProject "FitExplore" */ = {
			isa = XCConfigurationList;
			buildConfigurations = (
				351278412ED5331B005FA284 /* Debug */,
				351278422ED5331B005FA284 /* Release */,
			);
			defaultConfigurationIsVisible = 0;
			defaultConfigurationName = Release;
		};
		3512783E2ED5331B005FA284 /* Build configuration list for PBXNativeTarget "FitExplore" */ = {
			isa = XCConfigurationList;
			buildConfigurations = (
				3512783F2ED5331B005FA284 /* Debug */,
				351278402ED5331B005FA284 /* Release */,
			);
			defaultConfigurationIsVisible = 0;
			defaultConfigurationName = Release;
		};
/* End XCConfigurationList section */
	};
	rootObject = 351278292ED5331A005FA284 /* Project object */;
}
